
Microsoft Visual Studio Solution File, Format Version 12.00
# Visual Studio Version 17
VisualStudioVersion = 17.5.33414.496
MinimumVisualStudioVersion = 10.0.40219.1
Project("{FAE04EC0-301F-11D3-BF4B-00C04F79EFBC}") = "JuniorTriWizardTournament", "JuniorTriWizardTournament\JuniorTriWizardTournament.csproj", "{8D4A8F6C-843B-4D80-AF25-B17205621804}"
EndProject
Global
	GlobalSection(SolutionConfigurationPlatforms) = preSolution
		Debug|Any CPU = Debug|Any CPU
		Release|Any CPU = Release|Any CPU
	EndGlobalSection
	GlobalSection(ProjectConfigurationPlatforms) = postSolution
		{8D4A8F6C-843B-4D80-AF25-B17205621804}.Debug|Any CPU.ActiveCfg = Debug|Any CPU
		{8D4A8F6C-843B-4D80-AF25-B17205621804}.Debug|Any CPU.Build.0 = Debug|Any CPU
		{8D4A8F6C-843B-4D80-AF25-B17205621804}.Release|Any CPU.ActiveCfg = Release|Any CPU
		{8D4A8F6C-843B-4D80-AF25-B17205621804}.Release|Any CPU.Build.0 = Release|Any CPU
	EndGlobalSection
	GlobalSection(SolutionProperties) = preSolution
		HideSolutionNode = FALSE
	EndGlobalSection
	GlobalSection(ExtensibilityGlobals) = postSolution
		SolutionGuid = {A5C8B816-EAB7-42C6-9A2D-C27740693BFD}
	EndGlobalSection
EndGlobal
